
Microsoft Visual Studio Solution File, Format Version 12.00
# Visual Studio Version 17
VisualStudioVersion = 17.12.35527.113
MinimumVisualStudioVersion = 10.0.40219.1
Project("{2150E333-8FDC-42A3-9474-1A3956D46DE8}") = "Services", "Services", "{CB215C1A-7EBC-4972-8B45-C2F4E623137A}"
EndProject
Project("{2150E333-8FDC-42A3-9474-1A3956D46DE8}") = "Catalog", "Catalog", "{3FEBCCA8-9979-46EB-B363-A22F6C6651DD}"
EndProject
Project("{FAE04EC0-301F-11D3-BF4B-00C04F79EFBC}") = "Catalog.API", "Services\Catalog\Catalog.API\Catalog.API.csproj", "{84924513-095F-4538-91E2-B38869F0F0BB}"
EndProject
Project("{2150E333-8FDC-42A3-9474-1A3956D46DE8}") = "Solution Items", "Solution Items", "{3C8B142E-87DE-413F-BBAB-B39FCB48A7F1}"
	ProjectSection(SolutionItems) = preProject
		..\.editorconfig = ..\.editorconfig
		..\README.md = ..\README.md
	EndProjectSection
EndProject
Project("{2150E333-8FDC-42A3-9474-1A3956D46DE8}") = "Infrastructure", "Infrastructure", "{28D4CC1F-28D5-461A-BF12-5F710A57427C}"
EndProject
Project("{FAE04EC0-301F-11D3-BF4B-00C04F79EFBC}") = "Infrastructure", "Infrastructure\Infrastructure\Infrastructure.csproj", "{14D0167C-7FE7-4E56-901E-7CE949AC92E1}"
EndProject
Project("{E53339B2-1760-4266-BCC7-CA923CBCF16C}") = "docker-compose", "docker-compose.dcproj", "{513B09E5-837A-4D70-8AB0-E1A00A08BD58}"
EndProject
Project("{2150E333-8FDC-42A3-9474-1A3956D46DE8}") = "Basket", "Basket", "{99413C7B-3B97-45CD-B63C-CACA981B4399}"
EndProject
Project("{FAE04EC0-301F-11D3-BF4B-00C04F79EFBC}") = "Basket.API", "Services\Basket\Basket.API\Basket.API.csproj", "{E2A52C3F-8106-4EDA-802F-6B9883FEA867}"
EndProject
Project("{2150E333-8FDC-42A3-9474-1A3956D46DE8}") = "Discount", "Discount", "{01F94791-1742-4A98-A9B9-63AD21C0A362}"
EndProject
Project("{FAE04EC0-301F-11D3-BF4B-00C04F79EFBC}") = "Discount.Grpc", "Services\Discount\Discount.Grpc\Discount.Grpc.csproj", "{FBCB0FFF-1A26-46CB-A49C-6B1E8C86F78C}"
EndProject
Project("{2150E333-8FDC-42A3-9474-1A3956D46DE8}") = "Ordering", "Ordering", "{5C53B572-AF85-4E96-BF4A-48FF2C9D95CD}"
EndProject
Project("{FAE04EC0-301F-11D3-BF4B-00C04F79EFBC}") = "Ordering.API", "Services\Ordering\Ordering.API\Ordering.API.csproj", "{D13149A8-9E21-483A-BEA0-97C701CDF523}"
EndProject
Project("{FAE04EC0-301F-11D3-BF4B-00C04F79EFBC}") = "Ordering.Domain", "Services\Ordering\Ordering.Domain\Ordering.Domain.csproj", "{6AA4DAD9-C5DA-4E15-AB48-88129693D934}"
EndProject
Project("{FAE04EC0-301F-11D3-BF4B-00C04F79EFBC}") = "Ordering.Application", "Services\Ordering\Ordering.Application\Ordering.Application.csproj", "{BCE4EA4B-F239-410F-8FB0-CDAEDF32A68A}"
EndProject
Project("{FAE04EC0-301F-11D3-BF4B-00C04F79EFBC}") = "Ordering.Infrastructure", "Services\Ordering\Ordering.Infrastructure\Ordering.Infrastructure.csproj", "{A1D3C38A-885A-47EC-852C-5AC9369E27B3}"
EndProject
Project("{FAE04EC0-301F-11D3-BF4B-00C04F79EFBC}") = "Infrastructure.Messaging", "Infrastructure\Infrastructure.Messaging\Infrastructure.Messaging.csproj", "{EA06679A-4775-4A38-863D-A9B6D5A3B2A8}"
EndProject
Project("{2150E333-8FDC-42A3-9474-1A3956D46DE8}") = "ApiGateways", "ApiGateways", "{412A445B-8BEB-428B-908F-441A04FF62FD}"
EndProject
Project("{FAE04EC0-301F-11D3-BF4B-00C04F79EFBC}") = "YarpApiGateway", "ApiGateways\YarpApiGateway\YarpApiGateway.csproj", "{BA094E05-168B-49D0-8EAD-641EC0C950FD}"
EndProject
Global
	GlobalSection(SolutionConfigurationPlatforms) = preSolution
		Debug|Any CPU = Debug|Any CPU
		Release|Any CPU = Release|Any CPU
	EndGlobalSection
	GlobalSection(ProjectConfigurationPlatforms) = postSolution
		{84924513-095F-4538-91E2-B38869F0F0BB}.Debug|Any CPU.ActiveCfg = Debug|Any CPU
		{84924513-095F-4538-91E2-B38869F0F0BB}.Debug|Any CPU.Build.0 = Debug|Any CPU
		{84924513-095F-4538-91E2-B38869F0F0BB}.Release|Any CPU.ActiveCfg = Release|Any CPU
		{84924513-095F-4538-91E2-B38869F0F0BB}.Release|Any CPU.Build.0 = Release|Any CPU
		{14D0167C-7FE7-4E56-901E-7CE949AC92E1}.Debug|Any CPU.ActiveCfg = Debug|Any CPU
		{14D0167C-7FE7-4E56-901E-7CE949AC92E1}.Debug|Any CPU.Build.0 = Debug|Any CPU
		{14D0167C-7FE7-4E56-901E-7CE949AC92E1}.Release|Any CPU.ActiveCfg = Release|Any CPU
		{14D0167C-7FE7-4E56-901E-7CE949AC92E1}.Release|Any CPU.Build.0 = Release|Any CPU
		{513B09E5-837A-4D70-8AB0-E1A00A08BD58}.Debug|Any CPU.ActiveCfg = Debug|Any CPU
		{513B09E5-837A-4D70-8AB0-E1A00A08BD58}.Debug|Any CPU.Build.0 = Debug|Any CPU
		{513B09E5-837A-4D70-8AB0-E1A00A08BD58}.Release|Any CPU.ActiveCfg = Release|Any CPU
		{513B09E5-837A-4D70-8AB0-E1A00A08BD58}.Release|Any CPU.Build.0 = Release|Any CPU
		{E2A52C3F-8106-4EDA-802F-6B9883FEA867}.Debug|Any CPU.ActiveCfg = Debug|Any CPU
		{E2A52C3F-8106-4EDA-802F-6B9883FEA867}.Debug|Any CPU.Build.0 = Debug|Any CPU
		{E2A52C3F-8106-4EDA-802F-6B9883FEA867}.Release|Any CPU.ActiveCfg = Release|Any CPU
		{E2A52C3F-8106-4EDA-802F-6B9883FEA867}.Release|Any CPU.Build.0 = Release|Any CPU
		{FBCB0FFF-1A26-46CB-A49C-6B1E8C86F78C}.Debug|Any CPU.ActiveCfg = Debug|Any CPU
		{FBCB0FFF-1A26-46CB-A49C-6B1E8C86F78C}.Debug|Any CPU.Build.0 = Debug|Any CPU
		{FBCB0FFF-1A26-46CB-A49C-6B1E8C86F78C}.Release|Any CPU.ActiveCfg = Release|Any CPU
		{FBCB0FFF-1A26-46CB-A49C-6B1E8C86F78C}.Release|Any CPU.Build.0 = Release|Any CPU
		{D13149A8-9E21-483A-BEA0-97C701CDF523}.Debug|Any CPU.ActiveCfg = Debug|Any CPU
		{D13149A8-9E21-483A-BEA0-97C701CDF523}.Debug|Any CPU.Build.0 = Debug|Any CPU
		{D13149A8-9E21-483A-BEA0-97C701CDF523}.Release|Any CPU.ActiveCfg = Release|Any CPU
		{D13149A8-9E21-483A-BEA0-97C701CDF523}.Release|Any CPU.Build.0 = Release|Any CPU
		{6AA4DAD9-C5DA-4E15-AB48-88129693D934}.Debug|Any CPU.ActiveCfg = Debug|Any CPU
		{6AA4DAD9-C5DA-4E15-AB48-88129693D934}.Debug|Any CPU.Build.0 = Debug|Any CPU
		{6AA4DAD9-C5DA-4E15-AB48-88129693D934}.Release|Any CPU.ActiveCfg = Release|Any CPU
		{6AA4DAD9-C5DA-4E15-AB48-88129693D934}.Release|Any CPU.Build.0 = Release|Any CPU
		{BCE4EA4B-F239-410F-8FB0-CDAEDF32A68A}.Debug|Any CPU.ActiveCfg = Debug|Any CPU
		{BCE4EA4B-F239-410F-8FB0-CDAEDF32A68A}.Debug|Any CPU.Build.0 = Debug|Any CPU
		{BCE4EA4B-F239-410F-8FB0-CDAEDF32A68A}.Release|Any CPU.ActiveCfg = Release|Any CPU
		{BCE4EA4B-F239-410F-8FB0-CDAEDF32A68A}.Release|Any CPU.Build.0 = Release|Any CPU
		{A1D3C38A-885A-47EC-852C-5AC9369E27B3}.Debug|Any CPU.ActiveCfg = Debug|Any CPU
		{A1D3C38A-885A-47EC-852C-5AC9369E27B3}.Debug|Any CPU.Build.0 = Debug|Any CPU
		{A1D3C38A-885A-47EC-852C-5AC9369E27B3}.Release|Any CPU.ActiveCfg = Release|Any CPU
		{A1D3C38A-885A-47EC-852C-5AC9369E27B3}.Release|Any CPU.Build.0 = Release|Any CPU
		{EA06679A-4775-4A38-863D-A9B6D5A3B2A8}.Debug|Any CPU.ActiveCfg = Debug|Any CPU
		{EA06679A-4775-4A38-863D-A9B6D5A3B2A8}.Debug|Any CPU.Build.0 = Debug|Any CPU
		{EA06679A-4775-4A38-863D-A9B6D5A3B2A8}.Release|Any CPU.ActiveCfg = Release|Any CPU
		{EA06679A-4775-4A38-863D-A9B6D5A3B2A8}.Release|Any CPU.Build.0 = Release|Any CPU
		{BA094E05-168B-49D0-8EAD-641EC0C950FD}.Debug|Any CPU.ActiveCfg = Debug|Any CPU
		{BA094E05-168B-49D0-8EAD-641EC0C950FD}.Debug|Any CPU.Build.0 = Debug|Any CPU
		{BA094E05-168B-49D0-8EAD-641EC0C950FD}.Release|Any CPU.ActiveCfg = Release|Any CPU
		{BA094E05-168B-49D0-8EAD-641EC0C950FD}.Release|Any CPU.Build.0 = Release|Any CPU
	EndGlobalSection
	GlobalSection(SolutionProperties) = preSolution
		HideSolutionNode = FALSE
	EndGlobalSection
	GlobalSection(NestedProjects) = preSolution
		{3FEBCCA8-9979-46EB-B363-A22F6C6651DD} = {CB215C1A-7EBC-4972-8B45-C2F4E623137A}
		{84924513-095F-4538-91E2-B38869F0F0BB} = {3FEBCCA8-9979-46EB-B363-A22F6C6651DD}
		{14D0167C-7FE7-4E56-901E-7CE949AC92E1} = {28D4CC1F-28D5-461A-BF12-5F710A57427C}
		{99413C7B-3B97-45CD-B63C-CACA981B4399} = {CB215C1A-7EBC-4972-8B45-C2F4E623137A}
		{E2A52C3F-8106-4EDA-802F-6B9883FEA867} = {99413C7B-3B97-45CD-B63C-CACA981B4399}
		{01F94791-1742-4A98-A9B9-63AD21C0A362} = {CB215C1A-7EBC-4972-8B45-C2F4E623137A}
		{FBCB0FFF-1A26-46CB-A49C-6B1E8C86F78C} = {01F94791-1742-4A98-A9B9-63AD21C0A362}
		{5C53B572-AF85-4E96-BF4A-48FF2C9D95CD} = {CB215C1A-7EBC-4972-8B45-C2F4E623137A}
		{D13149A8-9E21-483A-BEA0-97C701CDF523} = {5C53B572-AF85-4E96-BF4A-48FF2C9D95CD}
		{6AA4DAD9-C5DA-4E15-AB48-88129693D934} = {5C53B572-AF85-4E96-BF4A-48FF2C9D95CD}
		{BCE4EA4B-F239-410F-8FB0-CDAEDF32A68A} = {5C53B572-AF85-4E96-BF4A-48FF2C9D95CD}
		{A1D3C38A-885A-47EC-852C-5AC9369E27B3} = {5C53B572-AF85-4E96-BF4A-48FF2C9D95CD}
		{EA06679A-4775-4A38-863D-A9B6D5A3B2A8} = {28D4CC1F-28D5-461A-BF12-5F710A57427C}
		{BA094E05-168B-49D0-8EAD-641EC0C950FD} = {412A445B-8BEB-428B-908F-441A04FF62FD}
	EndGlobalSection
EndGlobal
